
Microsoft Visual Studio Solution File, Format Version 12.00
# Visual Studio 2013
VisualStudioVersion = 12.0.30723.0
MinimumVisualStudioVersion = 10.0.40219.1
Project("{8BC9CEB8-8B4A-11D0-8D11-00A0C91BC942}") = "Plot", "Plot\Plot.vcxproj", "{3032E7ED-7089-4F9C-B9C5-473F39FE325F}"
EndProject
Global
	GlobalSection(SolutionConfigurationPlatforms) = preSolution
		Debug|Win32 = Debug|Win32
		Release|Win32 = Release|Win32
	EndGlobalSection
	GlobalSection(ProjectConfigurationPlatforms) = postSolution
		{3032E7ED-7089-4F9C-B9C5-473F39FE325F}.Debug|Win32.ActiveCfg = Debug|Win32
		{3032E7ED-7089-4F9C-B9C5-473F39FE325F}.Debug|Win32.Build.0 = Debug|Win32
		{3032E7ED-7089-4F9C-B9C5-473F39FE325F}.Release|Win32.ActiveCfg = Release|Win32
		{3032E7ED-7089-4F9C-B9C5-473F39FE325F}.Release|Win32.Build.0 = Release|Win32
	EndGlobalSection
	GlobalSection(SolutionProperties) = preSolution
		HideSolutionNode = FALSE
	EndGlobalSection
EndGlobal
